{
  "version": 4,
  "terraform_version": "0.15.0",
  "serial": 144,
  "lineage": "ccbcc8ef-a01c-1579-b68b-f14033bb8db2",
  "outputs": {},
  "resources": [
    {
      "module": "module.attach_user",
      "mode": "managed",
      "type": "aws_iam_group_membership",
      "name": "assign",
      "provider": "provider[\"registry.terraform.io/hashicorp/aws\"]",
      "instances": [
        {
          "schema_version": 0,
          "attributes": {
            "group": "admin",
            "id": "assignment",
            "name": "assignment",
            "users": [
              "Kuldeep"
            ]
          },
          "sensitive_attributes": [],
          "private": "bnVsbA=="
        }
      ]
    },
    {
      "module": "module.create_group",
      "mode": "managed",
      "type": "aws_iam_group",
      "name": "Administrator",
      "provider": "provider[\"registry.terraform.io/hashicorp/aws\"]",
      "instances": [
        {
          "schema_version": 0,
          "attributes": {
            "arn": "arn:aws:iam::841820644119:group/admin",
            "id": "admin",
            "name": "admin",
            "path": "/",
            "unique_id": "AGPA4IADLUMLTCAS2AFB7"
          },
          "sensitive_attributes": [],
          "private": "bnVsbA=="
        }
      ]
    },
    {
      "module": "module.create_group",
      "mode": "managed",
      "type": "aws_iam_group",
      "name": "Billing",
      "provider": "provider[\"registry.terraform.io/hashicorp/aws\"]",
      "instances": [
        {
          "schema_version": 0,
          "attributes": {
            "arn": "arn:aws:iam::841820644119:group/biling",
            "id": "biling",
            "name": "biling",
            "path": "/",
            "unique_id": "AGPA4IADLUMLWVXBVJ2DT"
          },
          "sensitive_attributes": [],
          "private": "bnVsbA=="
        }
      ]
    },
    {
      "module": "module.create_group",
      "mode": "managed",
      "type": "aws_iam_group",
      "name": "ReadOnly",
      "provider": "provider[\"registry.terraform.io/hashicorp/aws\"]",
      "instances": [
        {
          "schema_version": 0,
          "attributes": {
            "arn": "arn:aws:iam::841820644119:group/readonly",
            "id": "readonly",
            "name": "readonly",
            "path": "/",
            "unique_id": "AGPA4IADLUML3FYL5FD45"
          },
          "sensitive_attributes": [],
          "private": "bnVsbA=="
        }
      ]
    },
    {
      "module": "module.create_group",
      "mode": "managed",
      "type": "aws_iam_policy_attachment",
      "name": "admin_attach",
      "provider": "provider[\"registry.terraform.io/hashicorp/aws\"]",
      "instances": [
        {
          "schema_version": 0,
          "attributes": {
            "groups": [
              "admin"
            ],
            "id": "admin_attach",
            "name": "admin_attach",
            "policy_arn": "arn:aws:iam::aws:policy/AdministratorAccess",
            "roles": [],
            "users": []
          },
          "sensitive_attributes": [],
          "private": "bnVsbA==",
          "dependencies": [
            "module.create_group.aws_iam_group.Administrator"
          ]
        }
      ]
    },
    {
      "module": "module.create_group",
      "mode": "managed",
      "type": "aws_iam_policy_attachment",
      "name": "billing_attach",
      "provider": "provider[\"registry.terraform.io/hashicorp/aws\"]",
      "instances": [
        {
          "schema_version": 0,
          "attributes": {
            "groups": [
              "biling"
            ],
            "id": "billing_attach",
            "name": "billing_attach",
            "policy_arn": "arn:aws:iam::aws:policy/job-function/Billing",
            "roles": [],
            "users": []
          },
          "sensitive_attributes": [],
          "private": "bnVsbA==",
          "dependencies": [
            "module.create_group.aws_iam_group.Billing"
          ]
        }
      ]
    },
    {
      "module": "module.create_group",
      "mode": "managed",
      "type": "aws_iam_policy_attachment",
      "name": "readonly_attach",
      "provider": "provider[\"registry.terraform.io/hashicorp/aws\"]",
      "instances": [
        {
          "schema_version": 0,
          "attributes": {
            "groups": [
              "readonly"
            ],
            "id": "readonly_attach",
            "name": "readonly_attach",
            "policy_arn": "arn:aws:iam::aws:policy/job-function/Billing",
            "roles": [],
            "users": []
          },
          "sensitive_attributes": [],
          "private": "bnVsbA==",
          "dependencies": [
            "module.create_group.aws_iam_group.ReadOnly"
          ]
        }
      ]
    },
    {
      "module": "module.user_create",
      "mode": "managed",
      "type": "aws_iam_user",
      "name": "user1",
      "provider": "provider[\"registry.terraform.io/hashicorp/aws\"]",
      "instances": [
        {
          "schema_version": 0,
          "attributes": {
            "arn": "arn:aws:iam::841820644119:user/Kuldeep",
            "force_destroy": false,
            "id": "Kuldeep",
            "name": "Kuldeep",
            "path": "/",
            "permissions_boundary": null,
            "tags": {},
            "tags_all": {},
            "unique_id": "AIDA4IADLUML5DTKSPJQL"
          },
          "sensitive_attributes": [],
          "private": "bnVsbA=="
        }
      ]
    }
  ]
}
